
Microsoft Visual Studio Solution File, Format Version 12.00
# Visual Studio 15
VisualStudioVersion = 15.0.28307.1340
MinimumVisualStudioVersion = 10.0.40219.1
Project("{FAE04EC0-301F-11D3-BF4B-00C04F79EFBC}") = "KerbalTelemetry", "Kerbal Telemetry\KerbalTelemetry.csproj", "{48F6F7D7-2A8F-435C-B08A-4408BEE5B564}"
EndProject
Global
	GlobalSection(SolutionConfigurationPlatforms) = preSolution
		Debug|Any CPU = Debug|Any CPU
		Release|Any CPU = Release|Any CPU
	EndGlobalSection
	GlobalSection(ProjectConfigurationPlatforms) = postSolution
		{48F6F7D7-2A8F-435C-B08A-4408BEE5B564}.Debug|Any CPU.ActiveCfg = Debug|Any CPU
		{48F6F7D7-2A8F-435C-B08A-4408BEE5B564}.Debug|Any CPU.Build.0 = Debug|Any CPU
		{48F6F7D7-2A8F-435C-B08A-4408BEE5B564}.Release|Any CPU.ActiveCfg = Release|Any CPU
		{48F6F7D7-2A8F-435C-B08A-4408BEE5B564}.Release|Any CPU.Build.0 = Release|Any CPU
	EndGlobalSection
	GlobalSection(SolutionProperties) = preSolution
		HideSolutionNode = FALSE
	EndGlobalSection
	GlobalSection(ExtensibilityGlobals) = postSolution
		SolutionGuid = {38F76685-5B16-40E0-8CB4-371946933F33}
	EndGlobalSection
EndGlobal
